
Microsoft Visual Studio Solution File, Format Version 12.00
# Visual Studio Version 17
VisualStudioVersion = 17.6.33801.468
MinimumVisualStudioVersion = 10.0.40219.1
Project("{9A19103F-16F7-4668-BE54-9A1E7A4F7556}") = "PraticaAcessandoDados", "PraticaAcessandoDados.csproj", "{1498190A-3535-40C3-A531-B1CA6A8CDA18}"
EndProject
Global
	GlobalSection(SolutionConfigurationPlatforms) = preSolution
		Debug|Any CPU = Debug|Any CPU
		Release|Any CPU = Release|Any CPU
	EndGlobalSection
	GlobalSection(ProjectConfigurationPlatforms) = postSolution
		{1498190A-3535-40C3-A531-B1CA6A8CDA18}.Debug|Any CPU.ActiveCfg = Debug|Any CPU
		{1498190A-3535-40C3-A531-B1CA6A8CDA18}.Debug|Any CPU.Build.0 = Debug|Any CPU
		{1498190A-3535-40C3-A531-B1CA6A8CDA18}.Release|Any CPU.ActiveCfg = Release|Any CPU
		{1498190A-3535-40C3-A531-B1CA6A8CDA18}.Release|Any CPU.Build.0 = Release|Any CPU
	EndGlobalSection
	GlobalSection(SolutionProperties) = preSolution
		HideSolutionNode = FALSE
	EndGlobalSection
	GlobalSection(ExtensibilityGlobals) = postSolution
		SolutionGuid = {40DBAA4D-A42E-4B13-AA2D-8AC69D0288EE}
	EndGlobalSection
EndGlobal
